// !$*UTF8*$!
{
	archiveVersion = 1;
	classes = {
	};
	objectVersion = 55;
	objects = {

/* Begin PBXBuildFile section */
		B280677B273CEA0E00C4EE52 /* EventDetail_item.swift in Sources */ = {isa = PBXBuildFile; fileRef = B280677A273CEA0E00C4EE52 /* EventDetail_item.swift */; };
		B28524CF273AB8EA008D0D15 /* Museum_App.swift in Sources */ = {isa = PBXBuildFile; fileRef = B28524CE273AB8EA008D0D15 /* Museum_App.swift */; };
		B28524D1273AB8EA008D0D15 /* ContentView.swift in Sources */ = {isa = PBXBuildFile; fileRef = B28524D0273AB8EA008D0D15 /* ContentView.swift */; };
		B28524D3273AB8EA008D0D15 /* Assets.xcassets in Resources */ = {isa = PBXBuildFile; fileRef = B28524D2273AB8EA008D0D15 /* Assets.xcassets */; };
		B28524D6273AB8EA008D0D15 /* Preview Assets.xcassets in Resources */ = {isa = PBXBuildFile; fileRef = B28524D5273AB8EA008D0D15 /* Preview Assets.xcassets */; };
		B28524E4273ABA64008D0D15 /* Home_1.swift in Sources */ = {isa = PBXBuildFile; fileRef = B28524E3273ABA64008D0D15 /* Home_1.swift */; };
		B28524E6273ABA6A008D0D15 /* Home_2.swift in Sources */ = {isa = PBXBuildFile; fileRef = B28524E5273ABA6A008D0D15 /* Home_2.swift */; };
		B28524E8273ABA7A008D0D15 /* MuseumList.swift in Sources */ = {isa = PBXBuildFile; fileRef = B28524E7273ABA7A008D0D15 /* MuseumList.swift */; };
		B28524EA273ABA84008D0D15 /* MuseumDetail.swift in Sources */ = {isa = PBXBuildFile; fileRef = B28524E9273ABA84008D0D15 /* MuseumDetail.swift */; };
		B28524ED273AC02B008D0D15 /* Settings.swift in Sources */ = {isa = PBXBuildFile; fileRef = B28524EC273AC02B008D0D15 /* Settings.swift */; };
		B28524EF273AC03D008D0D15 /* Bookings.swift in Sources */ = {isa = PBXBuildFile; fileRef = B28524EE273AC03D008D0D15 /* Bookings.swift */; };
		B28524F4273AC3B3008D0D15 /* Museum.swift in Sources */ = {isa = PBXBuildFile; fileRef = B28524F3273AC3B3008D0D15 /* Museum.swift */; };
		B28524F6273AE622008D0D15 /* AudioNarration.swift in Sources */ = {isa = PBXBuildFile; fileRef = B28524F5273AE622008D0D15 /* AudioNarration.swift */; };
		B28524F8273AE6CB008D0D15 /* MuseumMap_RoutePlanning.swift in Sources */ = {isa = PBXBuildFile; fileRef = B28524F7273AE6CB008D0D15 /* MuseumMap_RoutePlanning.swift */; };
		B28524FA273AE856008D0D15 /* StampCard.swift in Sources */ = {isa = PBXBuildFile; fileRef = B28524F9273AE856008D0D15 /* StampCard.swift */; };
		B28524FC273AE897008D0D15 /* RealtimeData.swift in Sources */ = {isa = PBXBuildFile; fileRef = B28524FB273AE897008D0D15 /* RealtimeData.swift */; };
		B28524FE273AE8B4008D0D15 /* BookingButton.swift in Sources */ = {isa = PBXBuildFile; fileRef = B28524FD273AE8B4008D0D15 /* BookingButton.swift */; };
		B2852500273AE8CB008D0D15 /* GeneralInformation.swift in Sources */ = {isa = PBXBuildFile; fileRef = B28524FF273AE8CB008D0D15 /* GeneralInformation.swift */; };
		B2852504273AF7DD008D0D15 /* ButtonsView.swift in Sources */ = {isa = PBXBuildFile; fileRef = B2852503273AF7DD008D0D15 /* ButtonsView.swift */; };
		B2852506273AF8A2008D0D15 /* MuseumMap_Navigation.swift in Sources */ = {isa = PBXBuildFile; fileRef = B2852505273AF8A2008D0D15 /* MuseumMap_Navigation.swift */; };
		B290A374273B79290068F060 /* MuseumDetail_Exhibition.swift in Sources */ = {isa = PBXBuildFile; fileRef = B290A373273B79290068F060 /* MuseumDetail_Exhibition.swift */; };
		B290A376273B7AF40068F060 /* MuseumDetail_Activity.swift in Sources */ = {isa = PBXBuildFile; fileRef = B290A375273B7AF40068F060 /* MuseumDetail_Activity.swift */; };
		B290A378273B7B7C0068F060 /* MuseumDetail_Event.swift in Sources */ = {isa = PBXBuildFile; fileRef = B290A377273B7B7C0068F060 /* MuseumDetail_Event.swift */; };
		B290A37A273B8EE50068F060 /* CrowdLevelText.swift in Sources */ = {isa = PBXBuildFile; fileRef = B290A379273B8EE50068F060 /* CrowdLevelText.swift */; };
		B290A37C273C1A250068F060 /* EventDetail.swift in Sources */ = {isa = PBXBuildFile; fileRef = B290A37B273C1A250068F060 /* EventDetail.swift */; };
		B290A37E273C2D800068F060 /* ExhibitionDetail.swift in Sources */ = {isa = PBXBuildFile; fileRef = B290A37D273C2D800068F060 /* ExhibitionDetail.swift */; };
		B294142C273D72F7001D5FD3 /* WelcomeScreen.swift in Sources */ = {isa = PBXBuildFile; fileRef = B294142B273D72F7001D5FD3 /* WelcomeScreen.swift */; };
		B299478B273CECEF005C82E1 /* MuseumList_Item.swift in Sources */ = {isa = PBXBuildFile; fileRef = B299478A273CECEF005C82E1 /* MuseumList_Item.swift */; };
		B299478D273CF121005C82E1 /* BookingButton_EventItem.swift in Sources */ = {isa = PBXBuildFile; fileRef = B299478C273CF121005C82E1 /* BookingButton_EventItem.swift */; };
		B299478F273CFFE9005C82E1 /* Home_3.swift in Sources */ = {isa = PBXBuildFile; fileRef = B299478E273CFFE9005C82E1 /* Home_3.swift */; };
		B2994791273D0D99005C82E1 /* Bookings_Staff.swift in Sources */ = {isa = PBXBuildFile; fileRef = B2994790273D0D99005C82E1 /* Bookings_Staff.swift */; };
		B2994793273D3AD4005C82E1 /* Home_11.swift in Sources */ = {isa = PBXBuildFile; fileRef = B2994792273D3AD4005C82E1 /* Home_11.swift */; };
/* End PBXBuildFile section */

/* Begin PBXFileReference section */
		B280677A273CEA0E00C4EE52 /* EventDetail_item.swift */ = {isa = PBXFileReference; lastKnownFileType = sourcecode.swift; path = EventDetail_item.swift; sourceTree = "<group>"; };
		B28524CB273AB8EA008D0D15 /* MuseumPlus.app */ = {isa = PBXFileReference; explicitFileType = wrapper.application; includeInIndex = 0; path = MuseumPlus.app; sourceTree = BUILT_PRODUCTS_DIR; };
		B28524CE273AB8EA008D0D15 /* Museum_App.swift */ = {isa = PBXFileReference; lastKnownFileType = sourcecode.swift; path = Museum_App.swift; sourceTree = "<group>"; };
		B28524D0273AB8EA008D0D15 /* ContentView.swift */ = {isa = PBXFileReference; lastKnownFileType = sourcecode.swift; path = ContentView.swift; sourceTree = "<group>"; };
		B28524D2273AB8EA008D0D15 /* Assets.xcassets */ = {isa = PBXFileReference; lastKnownFileType = folder.assetcatalog; path = Assets.xcassets; sourceTree = "<group>"; };
		B28524D5273AB8EA008D0D15 /* Preview Assets.xcassets */ = {isa = PBXFileReference; lastKnownFileType = folder.assetcatalog; path = "Preview Assets.xcassets"; sourceTree = "<group>"; };
		B28524E3273ABA64008D0D15 /* Home_1.swift */ = {isa = PBXFileReference; lastKnownFileType = sourcecode.swift; path = Home_1.swift; sourceTree = "<group>"; };
		B28524E5273ABA6A008D0D15 /* Home_2.swift */ = {isa = PBXFileReference; lastKnownFileType = sourcecode.swift; path = Home_2.swift; sourceTree = "<group>"; };
		B28524E7273ABA7A008D0D15 /* MuseumList.swift */ = {isa = PBXFileReference; lastKnownFileType = sourcecode.swift; path = MuseumList.swift; sourceTree = "<group>"; };
		B28524E9273ABA84008D0D15 /* MuseumDetail.swift */ = {isa = PBXFileReference; lastKnownFileType = sourcecode.swift; path = MuseumDetail.swift; sourceTree = "<group>"; };
		B28524EC273AC02B008D0D15 /* Settings.swift */ = {isa = PBXFileReference; lastKnownFileType = sourcecode.swift; path = Settings.swift; sourceTree = "<group>"; };
		B28524EE273AC03D008D0D15 /* Bookings.swift */ = {isa = PBXFileReference; lastKnownFileType = sourcecode.swift; path = Bookings.swift; sourceTree = "<group>"; };
		B28524F3273AC3B3008D0D15 /* Museum.swift */ = {isa = PBXFileReference; lastKnownFileType = sourcecode.swift; path = Museum.swift; sourceTree = "<group>"; };
		B28524F5273AE622008D0D15 /* AudioNarration.swift */ = {isa = PBXFileReference; lastKnownFileType = sourcecode.swift; path = AudioNarration.swift; sourceTree = "<group>"; };
		B28524F7273AE6CB008D0D15 /* MuseumMap_RoutePlanning.swift */ = {isa = PBXFileReference; lastKnownFileType = sourcecode.swift; path = MuseumMap_RoutePlanning.swift; sourceTree = "<group>"; };
		B28524F9273AE856008D0D15 /* StampCard.swift */ = {isa = PBXFileReference; lastKnownFileType = sourcecode.swift; path = StampCard.swift; sourceTree = "<group>"; };
		B28524FB273AE897008D0D15 /* RealtimeData.swift */ = {isa = PBXFileReference; lastKnownFileType = sourcecode.swift; path = RealtimeData.swift; sourceTree = "<group>"; };
		B28524FD273AE8B4008D0D15 /* BookingButton.swift */ = {isa = PBXFileReference; lastKnownFileType = sourcecode.swift; path = BookingButton.swift; sourceTree = "<group>"; };
		B28524FF273AE8CB008D0D15 /* GeneralInformation.swift */ = {isa = PBXFileReference; lastKnownFileType = sourcecode.swift; path = GeneralInformation.swift; sourceTree = "<group>"; };
		B2852503273AF7DD008D0D15 /* ButtonsView.swift */ = {isa = PBXFileReference; lastKnownFileType = sourcecode.swift; path = ButtonsView.swift; sourceTree = "<group>"; };
		B2852505273AF8A2008D0D15 /* MuseumMap_Navigation.swift */ = {isa = PBXFileReference; lastKnownFileType = sourcecode.swift; path = MuseumMap_Navigation.swift; sourceTree = "<group>"; };
		B290A373273B79290068F060 /* MuseumDetail_Exhibition.swift */ = {isa = PBXFileReference; lastKnownFileType = sourcecode.swift; path = MuseumDetail_Exhibition.swift; sourceTree = "<group>"; };
		B290A375273B7AF40068F060 /* MuseumDetail_Activity.swift */ = {isa = PBXFileReference; lastKnownFileType = sourcecode.swift; path = MuseumDetail_Activity.swift; sourceTree = "<group>"; };
		B290A377273B7B7C0068F060 /* MuseumDetail_Event.swift */ = {isa = PBXFileReference; lastKnownFileType = sourcecode.swift; path = MuseumDetail_Event.swift; sourceTree = "<group>"; };
		B290A379273B8EE50068F060 /* CrowdLevelText.swift */ = {isa = PBXFileReference; lastKnownFileType = sourcecode.swift; path = CrowdLevelText.swift; sourceTree = "<group>"; };
		B290A37B273C1A250068F060 /* EventDetail.swift */ = {isa = PBXFileReference; lastKnownFileType = sourcecode.swift; path = EventDetail.swift; sourceTree = "<group>"; };
		B290A37D273C2D800068F060 /* ExhibitionDetail.swift */ = {isa = PBXFileReference; lastKnownFileType = sourcecode.swift; path = ExhibitionDetail.swift; sourceTree = "<group>"; };
		B294142B273D72F7001D5FD3 /* WelcomeScreen.swift */ = {isa = PBXFileReference; lastKnownFileType = sourcecode.swift; path = WelcomeScreen.swift; sourceTree = "<group>"; };
		B299478A273CECEF005C82E1 /* MuseumList_Item.swift */ = {isa = PBXFileReference; lastKnownFileType = sourcecode.swift; path = MuseumList_Item.swift; sourceTree = "<group>"; };
		B299478C273CF121005C82E1 /* BookingButton_EventItem.swift */ = {isa = PBXFileReference; lastKnownFileType = sourcecode.swift; path = BookingButton_EventItem.swift; sourceTree = "<group>"; };
		B299478E273CFFE9005C82E1 /* Home_3.swift */ = {isa = PBXFileReference; lastKnownFileType = sourcecode.swift; path = Home_3.swift; sourceTree = "<group>"; };
		B2994790273D0D99005C82E1 /* Bookings_Staff.swift */ = {isa = PBXFileReference; lastKnownFileType = sourcecode.swift; path = Bookings_Staff.swift; sourceTree = "<group>"; };
		B2994792273D3AD4005C82E1 /* Home_11.swift */ = {isa = PBXFileReference; lastKnownFileType = sourcecode.swift; path = Home_11.swift; sourceTree = "<group>"; };
/* End PBXFileReference section */

/* Begin PBXFrameworksBuildPhase section */
		B28524C8273AB8EA008D0D15 /* Frameworks */ = {
			isa = PBXFrameworksBuildPhase;
			buildActionMask = 2147483647;
			files = (
			);
			runOnlyForDeploymentPostprocessing = 0;
		};
/* End PBXFrameworksBuildPhase section */

/* Begin PBXGroup section */
		B28524C2273AB8EA008D0D15 = {
			isa = PBXGroup;
			children = (
				B28524CD273AB8EA008D0D15 /* Museum+ */,
				B28524CC273AB8EA008D0D15 /* Products */,
			);
			sourceTree = "<group>";
		};
		B28524CC273AB8EA008D0D15 /* Products */ = {
			isa = PBXGroup;
			children = (
				B28524CB273AB8EA008D0D15 /* MuseumPlus.app */,
			);
			name = Products;
			sourceTree = "<group>";
		};
		B28524CD273AB8EA008D0D15 /* Museum+ */ = {
			isa = PBXGroup;
			children = (
				B28524CE273AB8EA008D0D15 /* Museum_App.swift */,
				B28524D0273AB8EA008D0D15 /* ContentView.swift */,
				B28524F0273AC38F008D0D15 /* Model */,
				B28524DD273AB91F008D0D15 /* View */,
				B28524D2273AB8EA008D0D15 /* Assets.xcassets */,
				B28524D4273AB8EA008D0D15 /* Preview Content */,
			);
			path = "Museum+";
			sourceTree = "<group>";
		};
		B28524D4273AB8EA008D0D15 /* Preview Content */ = {
			isa = PBXGroup;
			children = (
				B28524D5273AB8EA008D0D15 /* Preview Assets.xcassets */,
			);
			path = "Preview Content";
			sourceTree = "<group>";
		};
		B28524DD273AB91F008D0D15 /* View */ = {
			isa = PBXGroup;
			children = (
				B294142B273D72F7001D5FD3 /* WelcomeScreen.swift */,
				B28524E1273ABA33008D0D15 /* Museums */,
				B28524E0273AB9F7008D0D15 /* Home */,
				B28524EE273AC03D008D0D15 /* Bookings.swift */,
				B2994790273D0D99005C82E1 /* Bookings_Staff.swift */,
				B28524EC273AC02B008D0D15 /* Settings.swift */,
			);
			path = View;
			sourceTree = "<group>";
		};
		B28524E0273AB9F7008D0D15 /* Home */ = {
			isa = PBXGroup;
			children = (
				B28524E3273ABA64008D0D15 /* Home_1.swift */,
				B2994792273D3AD4005C82E1 /* Home_11.swift */,
				B28524E5273ABA6A008D0D15 /* Home_2.swift */,
				B299478E273CFFE9005C82E1 /* Home_3.swift */,
			);
			path = Home;
			sourceTree = "<group>";
		};
		B28524E1273ABA33008D0D15 /* Museums */ = {
			isa = PBXGroup;
			children = (
				B2852503273AF7DD008D0D15 /* ButtonsView.swift */,
				B28524EB273ABA93008D0D15 /* MuseumButton */,
				B28524E7273ABA7A008D0D15 /* MuseumList.swift */,
				B299478A273CECEF005C82E1 /* MuseumList_Item.swift */,
				B290A372273B790B0068F060 /* MuseumDetail */,
				B290A379273B8EE50068F060 /* CrowdLevelText.swift */,
			);
			path = Museums;
			sourceTree = "<group>";
		};
		B28524EB273ABA93008D0D15 /* MuseumButton */ = {
			isa = PBXGroup;
			children = (
				B28524F5273AE622008D0D15 /* AudioNarration.swift */,
				B28524F7273AE6CB008D0D15 /* MuseumMap_RoutePlanning.swift */,
				B2852505273AF8A2008D0D15 /* MuseumMap_Navigation.swift */,
				B28524F9273AE856008D0D15 /* StampCard.swift */,
				B28524FB273AE897008D0D15 /* RealtimeData.swift */,
				B28524FD273AE8B4008D0D15 /* BookingButton.swift */,
				B299478C273CF121005C82E1 /* BookingButton_EventItem.swift */,
				B28524FF273AE8CB008D0D15 /* GeneralInformation.swift */,
			);
			path = MuseumButton;
			sourceTree = "<group>";
		};
		B28524F0273AC38F008D0D15 /* Model */ = {
			isa = PBXGroup;
			children = (
				B28524F3273AC3B3008D0D15 /* Museum.swift */,
			);
			path = Model;
			sourceTree = "<group>";
		};
		B290A372273B790B0068F060 /* MuseumDetail */ = {
			isa = PBXGroup;
			children = (
				B28524E9273ABA84008D0D15 /* MuseumDetail.swift */,
				B290A373273B79290068F060 /* MuseumDetail_Exhibition.swift */,
				B290A375273B7AF40068F060 /* MuseumDetail_Activity.swift */,
				B290A377273B7B7C0068F060 /* MuseumDetail_Event.swift */,
				B290A37B273C1A250068F060 /* EventDetail.swift */,
				B280677A273CEA0E00C4EE52 /* EventDetail_item.swift */,
				B290A37D273C2D800068F060 /* ExhibitionDetail.swift */,
			);
			path = MuseumDetail;
			sourceTree = "<group>";
		};
/* End PBXGroup section */

/* Begin PBXNativeTarget section */
		B28524CA273AB8EA008D0D15 /* Museum+ */ = {
			isa = PBXNativeTarget;
			buildConfigurationList = B28524D9273AB8EA008D0D15 /* Build configuration list for PBXNativeTarget "Museum+" */;
			buildPhases = (
				B28524C7273AB8EA008D0D15 /* Sources */,
				B28524C8273AB8EA008D0D15 /* Frameworks */,
				B28524C9273AB8EA008D0D15 /* Resources */,
			);
			buildRules = (
			);
			dependencies = (
			);
			name = "Museum+";
			productName = "Museum+";
			productReference = B28524CB273AB8EA008D0D15 /* MuseumPlus.app */;
			productType = "com.apple.product-type.application";
		};
/* End PBXNativeTarget section */

/* Begin PBXProject section */
		B28524C3273AB8EA008D0D15 /* Project object */ = {
			isa = PBXProject;
			attributes = {
				BuildIndependentTargetsInParallel = 1;
				LastSwiftUpdateCheck = 1300;
				LastUpgradeCheck = 1300;
				TargetAttributes = {
					B28524CA273AB8EA008D0D15 = {
						CreatedOnToolsVersion = 13.0;
					};
				};
			};
			buildConfigurationList = B28524C6273AB8EA008D0D15 /* Build configuration list for PBXProject "Museum+" */;
			compatibilityVersion = "Xcode 13.0";
			developmentRegion = en;
			hasScannedForEncodings = 0;
			knownRegions = (
				en,
				Base,
			);
			mainGroup = B28524C2273AB8EA008D0D15;
			productRefGroup = B28524CC273AB8EA008D0D15 /* Products */;
			projectDirPath = "";
			projectRoot = "";
			targets = (
				B28524CA273AB8EA008D0D15 /* Museum+ */,
			);
		};
/* End PBXProject section */

/* Begin PBXResourcesBuildPhase section */
		B28524C9273AB8EA008D0D15 /* Resources */ = {
			isa = PBXResourcesBuildPhase;
			buildActionMask = 2147483647;
			files = (
				B28524D6273AB8EA008D0D15 /* Preview Assets.xcassets in Resources */,
				B28524D3273AB8EA008D0D15 /* Assets.xcassets in Resources */,
			);
			runOnlyForDeploymentPostprocessing = 0;
		};
/* End PBXResourcesBuildPhase section */

/* Begin PBXSourcesBuildPhase section */
		B28524C7273AB8EA008D0D15 /* Sources */ = {
			isa = PBXSourcesBuildPhase;
			buildActionMask = 2147483647;
			files = (
				B28524EA273ABA84008D0D15 /* MuseumDetail.swift in Sources */,
				B28524FE273AE8B4008D0D15 /* BookingButton.swift in Sources */,
				B2994793273D3AD4005C82E1 /* Home_11.swift in Sources */,
				B28524F6273AE622008D0D15 /* AudioNarration.swift in Sources */,
				B28524E4273ABA64008D0D15 /* Home_1.swift in Sources */,
				B28524ED273AC02B008D0D15 /* Settings.swift in Sources */,
				B290A37C273C1A250068F060 /* EventDetail.swift in Sources */,
				B28524E8273ABA7A008D0D15 /* MuseumList.swift in Sources */,
				B299478F273CFFE9005C82E1 /* Home_3.swift in Sources */,
				B2852504273AF7DD008D0D15 /* ButtonsView.swift in Sources */,
				B2852506273AF8A2008D0D15 /* MuseumMap_Navigation.swift in Sources */,
				B290A37E273C2D800068F060 /* ExhibitionDetail.swift in Sources */,
				B294142C273D72F7001D5FD3 /* WelcomeScreen.swift in Sources */,
				B28524EF273AC03D008D0D15 /* Bookings.swift in Sources */,
				B28524D1273AB8EA008D0D15 /* ContentView.swift in Sources */,
				B28524CF273AB8EA008D0D15 /* Museum_App.swift in Sources */,
				B290A378273B7B7C0068F060 /* MuseumDetail_Event.swift in Sources */,
				B290A376273B7AF40068F060 /* MuseumDetail_Activity.swift in Sources */,
				B290A374273B79290068F060 /* MuseumDetail_Exhibition.swift in Sources */,
				B2852500273AE8CB008D0D15 /* GeneralInformation.swift in Sources */,
				B28524F8273AE6CB008D0D15 /* MuseumMap_RoutePlanning.swift in Sources */,
				B28524FA273AE856008D0D15 /* StampCard.swift in Sources */,
				B299478B273CECEF005C82E1 /* MuseumList_Item.swift in Sources */,
				B290A37A273B8EE50068F060 /* CrowdLevelText.swift in Sources */,
				B280677B273CEA0E00C4EE52 /* EventDetail_item.swift in Sources */,
				B28524FC273AE897008D0D15 /* RealtimeData.swift in Sources */,
				B28524E6273ABA6A008D0D15 /* Home_2.swift in Sources */,
				B28524F4273AC3B3008D0D15 /* Museum.swift in Sources */,
				B2994791273D0D99005C82E1 /* Bookings_Staff.swift in Sources */,
				B299478D273CF121005C82E1 /* BookingButton_EventItem.swift in Sources */,
			);
			runOnlyForDeploymentPostprocessing = 0;
		};
/* End PBXSourcesBuildPhase section */

/* Begin XCBuildConfiguration section */
		B28524D7273AB8EA008D0D15 /* Debug */ = {
			isa = XCBuildConfiguration;
			buildSettings = {
				ALWAYS_SEARCH_USER_PATHS = NO;
				CLANG_ANALYZER_NONNULL = YES;
				CLANG_ANALYZER_NUMBER_OBJECT_CONVERSION = YES_AGGRESSIVE;
				CLANG_CXX_LANGUAGE_STANDARD = "gnu++17";
				CLANG_CXX_LIBRARY = "libc++";
				CLANG_ENABLE_MODULES = YES;
				CLANG_ENABLE_OBJC_ARC = YES;
				CLANG_ENABLE_OBJC_WEAK = YES;
				CLANG_WARN_BLOCK_CAPTURE_AUTORELEASING = YES;
				CLANG_WARN_BOOL_CONVERSION = YES;
				CLANG_WARN_COMMA = YES;
				CLANG_WARN_CONSTANT_CONVERSION = YES;
				CLANG_WARN_DEPRECATED_OBJC_IMPLEMENTATIONS = YES;
				CLANG_WARN_DIRECT_OBJC_ISA_USAGE = YES_ERROR;
				CLANG_WARN_DOCUMENTATION_COMMENTS = YES;
				CLANG_WARN_EMPTY_BODY = YES;
				CLANG_WARN_ENUM_CONVERSION = YES;
				CLANG_WARN_INFINITE_RECURSION = YES;
				CLANG_WARN_INT_CONVERSION = YES;
				CLANG_WARN_NON_LITERAL_NULL_CONVERSION = YES;
				CLANG_WARN_OBJC_IMPLICIT_RETAIN_SELF = YES;
				CLANG_WARN_OBJC_LITERAL_CONVERSION = YES;
				CLANG_WARN_OBJC_ROOT_CLASS = YES_ERROR;
				CLANG_WARN_QUOTED_INCLUDE_IN_FRAMEWORK_HEADER = YES;
				CLANG_WARN_RANGE_LOOP_ANALYSIS = YES;
				CLANG_WARN_STRICT_PROTOTYPES = YES;
				CLANG_WARN_SUSPICIOUS_MOVE = YES;
				CLANG_WARN_UNGUARDED_AVAILABILITY = YES_AGGRESSIVE;
				CLANG_WARN_UNREACHABLE_CODE = YES;
				CLANG_WARN__DUPLICATE_METHOD_MATCH = YES;
				COPY_PHASE_STRIP = NO;
				DEBUG_INFORMATION_FORMAT = dwarf;
				ENABLE_STRICT_OBJC_MSGSEND = YES;
				ENABLE_TESTABILITY = YES;
				GCC_C_LANGUAGE_STANDARD = gnu11;
				GCC_DYNAMIC_NO_PIC = NO;
				GCC_NO_COMMON_BLOCKS = YES;
				GCC_OPTIMIZATION_LEVEL = 0;
				GCC_PREPROCESSOR_DEFINITIONS = (
					"DEBUG=1",
					"$(inherited)",
				);
				GCC_WARN_64_TO_32_BIT_CONVERSION = YES;
				GCC_WARN_ABOUT_RETURN_TYPE = YES_ERROR;
				GCC_WARN_UNDECLARED_SELECTOR = YES;
				GCC_WARN_UNINITIALIZED_AUTOS = YES_AGGRESSIVE;
				GCC_WARN_UNUSED_FUNCTION = YES;
				GCC_WARN_UNUSED_VARIABLE = YES;
				IPHONEOS_DEPLOYMENT_TARGET = 15.0;
				MTL_ENABLE_DEBUG_INFO = INCLUDE_SOURCE;
				MTL_FAST_MATH = YES;
				ONLY_ACTIVE_ARCH = YES;
				SDKROOT = iphoneos;
				SWIFT_ACTIVE_COMPILATION_CONDITIONS = DEBUG;
				SWIFT_OPTIMIZATION_LEVEL = "-Onone";
			};
			name = Debug;
		};
		B28524D8273AB8EA008D0D15 /* Release */ = {
			isa = XCBuildConfiguration;
			buildSettings = {
				ALWAYS_SEARCH_USER_PATHS = NO;
				CLANG_ANALYZER_NONNULL = YES;
				CLANG_ANALYZER_NUMBER_OBJECT_CONVERSION = YES_AGGRESSIVE;
				CLANG_CXX_LANGUAGE_STANDARD = "gnu++17";
				CLANG_CXX_LIBRARY = "libc++";
				CLANG_ENABLE_MODULES = YES;
				CLANG_ENABLE_OBJC_ARC = YES;
				CLANG_ENABLE_OBJC_WEAK = YES;
				CLANG_WARN_BLOCK_CAPTURE_AUTORELEASING = YES;
				CLANG_WARN_BOOL_CONVERSION = YES;
				CLANG_WARN_COMMA = YES;
				CLANG_WARN_CONSTANT_CONVERSION = YES;
				CLANG_WARN_DEPRECATED_OBJC_IMPLEMENTATIONS = YES;
				CLANG_WARN_DIRECT_OBJC_ISA_USAGE = YES_ERROR;
				CLANG_WARN_DOCUMENTATION_COMMENTS = YES;
				CLANG_WARN_EMPTY_BODY = YES;
				CLANG_WARN_ENUM_CONVERSION = YES;
				CLANG_WARN_INFINITE_RECURSION = YES;
				CLANG_WARN_INT_CONVERSION = YES;
				CLANG_WARN_NON_LITERAL_NULL_CONVERSION = YES;
				CLANG_WARN_OBJC_IMPLICIT_RETAIN_SELF = YES;
				CLANG_WARN_OBJC_LITERAL_CONVERSION = YES;
				CLANG_WARN_OBJC_ROOT_CLASS = YES_ERROR;
				CLANG_WARN_QUOTED_INCLUDE_IN_FRAMEWORK_HEADER = YES;
				CLANG_WARN_RANGE_LOOP_ANALYSIS = YES;
				CLANG_WARN_STRICT_PROTOTYPES = YES;
				CLANG_WARN_SUSPICIOUS_MOVE = YES;
				CLANG_WARN_UNGUARDED_AVAILABILITY = YES_AGGRESSIVE;
				CLANG_WARN_UNREACHABLE_CODE = YES;
				CLANG_WARN__DUPLICATE_METHOD_MATCH = YES;
				COPY_PHASE_STRIP = NO;
				DEBUG_INFORMATION_FORMAT = "dwarf-with-dsym";
				ENABLE_NS_ASSERTIONS = NO;
				ENABLE_STRICT_OBJC_MSGSEND = YES;
				GCC_C_LANGUAGE_STANDARD = gnu11;
				GCC_NO_COMMON_BLOCKS = YES;
				GCC_WARN_64_TO_32_BIT_CONVERSION = YES;
				GCC_WARN_ABOUT_RETURN_TYPE = YES_ERROR;
				GCC_WARN_UNDECLARED_SELECTOR = YES;
				GCC_WARN_UNINITIALIZED_AUTOS = YES_AGGRESSIVE;
				GCC_WARN_UNUSED_FUNCTION = YES;
				GCC_WARN_UNUSED_VARIABLE = YES;
				IPHONEOS_DEPLOYMENT_TARGET = 15.0;
				MTL_ENABLE_DEBUG_INFO = NO;
				MTL_FAST_MATH = YES;
				SDKROOT = iphoneos;
				SWIFT_COMPILATION_MODE = wholemodule;
				SWIFT_OPTIMIZATION_LEVEL = "-O";
				VALIDATE_PRODUCT = YES;
			};
			name = Release;
		};
		B28524DA273AB8EA008D0D15 /* Debug */ = {
			isa = XCBuildConfiguration;
			buildSettings = {
				ASSETCATALOG_COMPILER_APPICON_NAME = AppIcon;
				ASSETCATALOG_COMPILER_GLOBAL_ACCENT_COLOR_NAME = AccentColor;
				CODE_SIGN_STYLE = Automatic;
				CURRENT_PROJECT_VERSION = 3;
				DEVELOPMENT_ASSET_PATHS = "\"Museum+/Preview Content\"";
				DEVELOPMENT_TEAM = 4T6W96A423;
				ENABLE_PREVIEWS = YES;
				GENERATE_INFOPLIST_FILE = YES;
				INFOPLIST_KEY_UIApplicationSceneManifest_Generation = YES;
				INFOPLIST_KEY_UIApplicationSupportsIndirectInputEvents = YES;
				INFOPLIST_KEY_UILaunchScreen_Generation = YES;
				INFOPLIST_KEY_UISupportedInterfaceOrientations_iPad = "UIInterfaceOrientationPortrait UIInterfaceOrientationPortraitUpsideDown UIInterfaceOrientationLandscapeLeft UIInterfaceOrientationLandscapeRight";
				INFOPLIST_KEY_UISupportedInterfaceOrientations_iPhone = "UIInterfaceOrientationPortrait UIInterfaceOrientationLandscapeLeft UIInterfaceOrientationLandscapeRight";
				IPHONEOS_DEPLOYMENT_TARGET = 15.0;
				LD_RUNPATH_SEARCH_PATHS = (
					"$(inherited)",
					"@executable_path/Frameworks",
				);
				MARKETING_VERSION = 1.0;
				PRODUCT_BUNDLE_IDENTIFIER = com.johnnyip.demo.MuseumPlus;
				PRODUCT_NAME = MuseumPlus;
				SWIFT_EMIT_LOC_STRINGS = YES;
				SWIFT_VERSION = 5.0;
				TARGETED_DEVICE_FAMILY = "1,2";
			};
			name = Debug;
		};
		B28524DB273AB8EA008D0D15 /* Release */ = {
			isa = XCBuildConfiguration;
			buildSettings = {
				ASSETCATALOG_COMPILER_APPICON_NAME = AppIcon;
				ASSETCATALOG_COMPILER_GLOBAL_ACCENT_COLOR_NAME = AccentColor;
				CODE_SIGN_STYLE = Automatic;
				CURRENT_PROJECT_VERSION = 3;
				DEVELOPMENT_ASSET_PATHS = "\"Museum+/Preview Content\"";
				DEVELOPMENT_TEAM = 4T6W96A423;
				ENABLE_PREVIEWS = YES;
				GENERATE_INFOPLIST_FILE = YES;
				INFOPLIST_KEY_UIApplicationSceneManifest_Generation = YES;
				INFOPLIST_KEY_UIApplicationSupportsIndirectInputEvents = YES;
				INFOPLIST_KEY_UILaunchScreen_Generation = YES;
				INFOPLIST_KEY_UISupportedInterfaceOrientations_iPad = "UIInterfaceOrientationPortrait UIInterfaceOrientationPortraitUpsideDown UIInterfaceOrientationLandscapeLeft UIInterfaceOrientationLandscapeRight";
				INFOPLIST_KEY_UISupportedInterfaceOrientations_iPhone = "UIInterfaceOrientationPortrait UIInterfaceOrientationLandscapeLeft UIInterfaceOrientationLandscapeRight";
				IPHONEOS_DEPLOYMENT_TARGET = 15.0;
				LD_RUNPATH_SEARCH_PATHS = (
					"$(inherited)",
					"@executable_path/Frameworks",
				);
				MARKETING_VERSION = 1.0;
				PRODUCT_BUNDLE_IDENTIFIER = com.johnnyip.demo.MuseumPlus;
				PRODUCT_NAME = MuseumPlus;
				SWIFT_EMIT_LOC_STRINGS = YES;
				SWIFT_VERSION = 5.0;
				TARGETED_DEVICE_FAMILY = "1,2";
			};
			name = Release;
		};
/* End XCBuildConfiguration section */

/* Begin XCConfigurationList section */
		B28524C6273AB8EA008D0D15 /* Build configuration list for PBXProject "Museum+" */ = {
			isa = XCConfigurationList;
			buildConfigurations = (
				B28524D7273AB8EA008D0D15 /* Debug */,
				B28524D8273AB8EA008D0D15 /* Release */,
			);
			defaultConfigurationIsVisible = 0;
			defaultConfigurationName = Release;
		};
		B28524D9273AB8EA008D0D15 /* Build configuration list for PBXNativeTarget "Museum+" */ = {
			isa = XCConfigurationList;
			buildConfigurations = (
				B28524DA273AB8EA008D0D15 /* Debug */,
				B28524DB273AB8EA008D0D15 /* Release */,
			);
			defaultConfigurationIsVisible = 0;
			defaultConfigurationName = Release;
		};
/* End XCConfigurationList section */
	};
	rootObject = B28524C3273AB8EA008D0D15 /* Project object */;
}
